{
  "name": "home1",
  "version": "1.0.0",
  "lockfileVersion": 3,
  "requires": true,
  "packages": {
    "": {
      "name": "home1",
      "version": "1.0.0",
      "license": "ISC",
      "dependencies": {
        "home2": "^1.0.6"
      }
    },
    "node_modules/home2": {
      "version": "1.0.6",
      "resolved": "https://registry.npmjs.org/home2/-/home2-1.0.6.tgz",
      "integrity": "sha512-GNUFN67SbL46Y0fe3SywxGA/5r/QH6kwnKYnavIS4/7/yGzVGOTJ8cIT5vY4uT1TcsrX/tfFUlhlrVqNHmE1rQ=="
    }
  }
}
